# generated by rye
# use `rye lock` or `rye sync` to update this lockfile
#
# last locked with the following flags:
#   pre: false
#   features: []
#   all-features: false
#   with-sources: false

-e file:.
appdirs==1.4.4
    # via fuel-tracker
click==8.1.7
    # via fuel-tracker
defusedxml==0.7.1
    # via odfpy
et-xmlfile==1.1.0
    # via openpyxl
greenlet==3.0.3
    # via sqlalchemy
markdown-it-py==3.0.0
    # via rich
mdurl==0.1.2
    # via markdown-it-py
numpy==1.26.4
    # via pandas
odfpy==1.4.1
    # via fuel-tracker
openpyxl==3.1.2
    # via fuel-tracker
pandas==2.2.2
    # via fuel-tracker
pygments==2.17.2
    # via rich
python-dateutil==2.9.0.post0
    # via pandas
pytz==2024.1
    # via pandas
rich==13.7.1
    # via fuel-tracker
six==1.16.0
    # via python-dateutil
sqlalchemy==2.0.29
    # via fuel-tracker
tabulate==0.9.0
    # via fuel-tracker
toml==0.10.2
    # via fuel-tracker
typing-extensions==4.11.0
    # via sqlalchemy
tzdata==2024.1
    # via fuel-tracker
    # via pandas
